// !$*UTF8*$!
{
	archiveVersion = 1;
	classes = {
	};
	objectVersion = 46;
	objects = {

/* Begin PBXBuildFile section */
		232FA5D61AEBEC9F00DD4928 /* AppDelegate.swift in Sources */ = {isa = PBXBuildFile; fileRef = 232FA5D51AEBEC9F00DD4928 /* AppDelegate.swift */; };
		232FA5D81AEBEC9F00DD4928 /* ViewController.swift in Sources */ = {isa = PBXBuildFile; fileRef = 232FA5D71AEBEC9F00DD4928 /* ViewController.swift */; };
		232FA5DB1AEBEC9F00DD4928 /* Main.storyboard in Resources */ = {isa = PBXBuildFile; fileRef = 232FA5D91AEBEC9F00DD4928 /* Main.storyboard */; };
		232FA5DD1AEBEC9F00DD4928 /* Images.xcassets in Resources */ = {isa = PBXBuildFile; fileRef = 232FA5DC1AEBEC9F00DD4928 /* Images.xcassets */; };
		232FA5E01AEBEC9F00DD4928 /* LaunchScreen.xib in Resources */ = {isa = PBXBuildFile; fileRef = 232FA5DE1AEBEC9F00DD4928 /* LaunchScreen.xib */; };
		232FA5EC1AEBEC9F00DD4928 /* my_simple_tableTests.swift in Sources */ = {isa = PBXBuildFile; fileRef = 232FA5EB1AEBEC9F00DD4928 /* my_simple_tableTests.swift */; };
/* End PBXBuildFile section */

/* Begin PBXContainerItemProxy section */
		232FA5E61AEBEC9F00DD4928 /* PBXContainerItemProxy */ = {
			isa = PBXContainerItemProxy;
			containerPortal = 232FA5C81AEBEC9F00DD4928 /* Project object */;
			proxyType = 1;
			remoteGlobalIDString = 232FA5CF1AEBEC9F00DD4928;
			remoteInfo = "my-simple-table";
		};
/* End PBXContainerItemProxy section */

/* Begin PBXFileReference section */
		232FA5D01AEBEC9F00DD4928 /* my-simple-table.app */ = {isa = PBXFileReference; explicitFileType = wrapper.application; includeInIndex = 0; path = "my-simple-table.app"; sourceTree = BUILT_PRODUCTS_DIR; };
		232FA5D41AEBEC9F00DD4928 /* Info.plist */ = {isa = PBXFileReference; lastKnownFileType = text.plist.xml; path = Info.plist; sourceTree = "<group>"; };
		232FA5D51AEBEC9F00DD4928 /* AppDelegate.swift */ = {isa = PBXFileReference; lastKnownFileType = sourcecode.swift; path = AppDelegate.swift; sourceTree = "<group>"; };
		232FA5D71AEBEC9F00DD4928 /* ViewController.swift */ = {isa = PBXFileReference; lastKnownFileType = sourcecode.swift; path = ViewController.swift; sourceTree = "<group>"; };
		232FA5DA1AEBEC9F00DD4928 /* Base */ = {isa = PBXFileReference; lastKnownFileType = file.storyboard; name = Base; path = Base.lproj/Main.storyboard; sourceTree = "<group>"; };
		232FA5DC1AEBEC9F00DD4928 /* Images.xcassets */ = {isa = PBXFileReference; lastKnownFileType = folder.assetcatalog; path = Images.xcassets; sourceTree = "<group>"; };
		232FA5DF1AEBEC9F00DD4928 /* Base */ = {isa = PBXFileReference; lastKnownFileType = file.xib; name = Base; path = Base.lproj/LaunchScreen.xib; sourceTree = "<group>"; };
		232FA5E51AEBEC9F00DD4928 /* my-simple-tableTests.xctest */ = {isa = PBXFileReference; explicitFileType = wrapper.cfbundle; includeInIndex = 0; path = "my-simple-tableTests.xctest"; sourceTree = BUILT_PRODUCTS_DIR; };
		232FA5EA1AEBEC9F00DD4928 /* Info.plist */ = {isa = PBXFileReference; lastKnownFileType = text.plist.xml; path = Info.plist; sourceTree = "<group>"; };
		232FA5EB1AEBEC9F00DD4928 /* my_simple_tableTests.swift */ = {isa = PBXFileReference; lastKnownFileType = sourcecode.swift; path = my_simple_tableTests.swift; sourceTree = "<group>"; };
/* End PBXFileReference section */

/* Begin PBXFrameworksBuildPhase section */
		232FA5CD1AEBEC9F00DD4928 /* Frameworks */ = {
			isa = PBXFrameworksBuildPhase;
			buildActionMask = 2147483647;
			files = (
			);
			runOnlyForDeploymentPostprocessing = 0;
		};
		232FA5E21AEBEC9F00DD4928 /* Frameworks */ = {
			isa = PBXFrameworksBuildPhase;
			buildActionMask = 2147483647;
			files = (
			);
			runOnlyForDeploymentPostprocessing = 0;
		};
/* End PBXFrameworksBuildPhase section */

/* Begin PBXGroup section */
		232FA5C71AEBEC9F00DD4928 = {
			isa = PBXGroup;
			children = (
				232FA5D21AEBEC9F00DD4928 /* my-simple-table */,
				232FA5E81AEBEC9F00DD4928 /* my-simple-tableTests */,
				232FA5D11AEBEC9F00DD4928 /* Products */,
			);
			sourceTree = "<group>";
		};
		232FA5D11AEBEC9F00DD4928 /* Products */ = {
			isa = PBXGroup;
			children = (
				232FA5D01AEBEC9F00DD4928 /* my-simple-table.app */,
				232FA5E51AEBEC9F00DD4928 /* my-simple-tableTests.xctest */,
			);
			name = Products;
			sourceTree = "<group>";
		};
		232FA5D21AEBEC9F00DD4928 /* my-simple-table */ = {
			isa = PBXGroup;
			children = (
				232FA5D51AEBEC9F00DD4928 /* AppDelegate.swift */,
				232FA5D71AEBEC9F00DD4928 /* ViewController.swift */,
				232FA5D91AEBEC9F00DD4928 /* Main.storyboard */,
				232FA5DC1AEBEC9F00DD4928 /* Images.xcassets */,
				232FA5DE1AEBEC9F00DD4928 /* LaunchScreen.xib */,
				232FA5D31AEBEC9F00DD4928 /* Supporting Files */,
			);
			path = "my-simple-table";
			sourceTree = "<group>";
		};
		232FA5D31AEBEC9F00DD4928 /* Supporting Files */ = {
			isa = PBXGroup;
			children = (
				232FA5D41AEBEC9F00DD4928 /* Info.plist */,
			);
			name = "Supporting Files";
			sourceTree = "<group>";
		};
		232FA5E81AEBEC9F00DD4928 /* my-simple-tableTests */ = {
			isa = PBXGroup;
			children = (
				232FA5EB1AEBEC9F00DD4928 /* my_simple_tableTests.swift */,
				232FA5E91AEBEC9F00DD4928 /* Supporting Files */,
			);
			path = "my-simple-tableTests";
			sourceTree = "<group>";
		};
		232FA5E91AEBEC9F00DD4928 /* Supporting Files */ = {
			isa = PBXGroup;
			children = (
				232FA5EA1AEBEC9F00DD4928 /* Info.plist */,
			);
			name = "Supporting Files";
			sourceTree = "<group>";
		};
/* End PBXGroup section */

/* Begin PBXNativeTarget section */
		232FA5CF1AEBEC9F00DD4928 /* my-simple-table */ = {
			isa = PBXNativeTarget;
			buildConfigurationList = 232FA5EF1AEBEC9F00DD4928 /* Build configuration list for PBXNativeTarget "my-simple-table" */;
			buildPhases = (
				232FA5CC1AEBEC9F00DD4928 /* Sources */,
				232FA5CD1AEBEC9F00DD4928 /* Frameworks */,
				232FA5CE1AEBEC9F00DD4928 /* Resources */,
			);
			buildRules = (
			);
			dependencies = (
			);
			name = "my-simple-table";
			productName = "my-simple-table";
			productReference = 232FA5D01AEBEC9F00DD4928 /* my-simple-table.app */;
			productType = "com.apple.product-type.application";
		};
		232FA5E41AEBEC9F00DD4928 /* my-simple-tableTests */ = {
			isa = PBXNativeTarget;
			buildConfigurationList = 232FA5F21AEBEC9F00DD4928 /* Build configuration list for PBXNativeTarget "my-simple-tableTests" */;
			buildPhases = (
				232FA5E11AEBEC9F00DD4928 /* Sources */,
				232FA5E21AEBEC9F00DD4928 /* Frameworks */,
				232FA5E31AEBEC9F00DD4928 /* Resources */,
			);
			buildRules = (
			);
			dependencies = (
				232FA5E71AEBEC9F00DD4928 /* PBXTargetDependency */,
			);
			name = "my-simple-tableTests";
			productName = "my-simple-tableTests";
			productReference = 232FA5E51AEBEC9F00DD4928 /* my-simple-tableTests.xctest */;
			productType = "com.apple.product-type.bundle.unit-test";
		};
/* End PBXNativeTarget section */

/* Begin PBXProject section */
		232FA5C81AEBEC9F00DD4928 /* Project object */ = {
			isa = PBXProject;
			attributes = {
				LastUpgradeCheck = 0630;
				ORGANIZATIONNAME = "Bluer Inc";
				TargetAttributes = {
					232FA5CF1AEBEC9F00DD4928 = {
						CreatedOnToolsVersion = 6.3.1;
					};
					232FA5E41AEBEC9F00DD4928 = {
						CreatedOnToolsVersion = 6.3.1;
						TestTargetID = 232FA5CF1AEBEC9F00DD4928;
					};
				};
			};
			buildConfigurationList = 232FA5CB1AEBEC9F00DD4928 /* Build configuration list for PBXProject "my-simple-table" */;
			compatibilityVersion = "Xcode 3.2";
			developmentRegion = English;
			hasScannedForEncodings = 0;
			knownRegions = (
				en,
				Base,
			);
			mainGroup = 232FA5C71AEBEC9F00DD4928;
			productRefGroup = 232FA5D11AEBEC9F00DD4928 /* Products */;
			projectDirPath = "";
			projectRoot = "";
			targets = (
				232FA5CF1AEBEC9F00DD4928 /* my-simple-table */,
				232FA5E41AEBEC9F00DD4928 /* my-simple-tableTests */,
			);
		};
/* End PBXProject section */

/* Begin PBXResourcesBuildPhase section */
		232FA5CE1AEBEC9F00DD4928 /* Resources */ = {
			isa = PBXResourcesBuildPhase;
			buildActionMask = 2147483647;
			files = (
				232FA5DB1AEBEC9F00DD4928 /* Main.storyboard in Resources */,
				232FA5E01AEBEC9F00DD4928 /* LaunchScreen.xib in Resources */,
				232FA5DD1AEBEC9F00DD4928 /* Images.xcassets in Resources */,
			);
			runOnlyForDeploymentPostprocessing = 0;
		};
		232FA5E31AEBEC9F00DD4928 /* Resources */ = {
			isa = PBXResourcesBuildPhase;
			buildActionMask = 2147483647;
			files = (
			);
			runOnlyForDeploymentPostprocessing = 0;
		};
/* End PBXResourcesBuildPhase section */

/* Begin PBXSourcesBuildPhase section */
		232FA5CC1AEBEC9F00DD4928 /* Sources */ = {
			isa = PBXSourcesBuildPhase;
			buildActionMask = 2147483647;
			files = (
				232FA5D81AEBEC9F00DD4928 /* ViewController.swift in Sources */,
				232FA5D61AEBEC9F00DD4928 /* AppDelegate.swift in Sources */,
			);
			runOnlyForDeploymentPostprocessing = 0;
		};
		232FA5E11AEBEC9F00DD4928 /* Sources */ = {
			isa = PBXSourcesBuildPhase;
			buildActionMask = 2147483647;
			files = (
				232FA5EC1AEBEC9F00DD4928 /* my_simple_tableTests.swift in Sources */,
			);
			runOnlyForDeploymentPostprocessing = 0;
		};
/* End PBXSourcesBuildPhase section */

/* Begin PBXTargetDependency section */
		232FA5E71AEBEC9F00DD4928 /* PBXTargetDependency */ = {
			isa = PBXTargetDependency;
			target = 232FA5CF1AEBEC9F00DD4928 /* my-simple-table */;
			targetProxy = 232FA5E61AEBEC9F00DD4928 /* PBXContainerItemProxy */;
		};
/* End PBXTargetDependency section */

/* Begin PBXVariantGroup section */
		232FA5D91AEBEC9F00DD4928 /* Main.storyboard */ = {
			isa = PBXVariantGroup;
			children = (
				232FA5DA1AEBEC9F00DD4928 /* Base */,
			);
			name = Main.storyboard;
			sourceTree = "<group>";
		};
		232FA5DE1AEBEC9F00DD4928 /* LaunchScreen.xib */ = {
			isa = PBXVariantGroup;
			children = (
				232FA5DF1AEBEC9F00DD4928 /* Base */,
			);
			name = LaunchScreen.xib;
			sourceTree = "<group>";
		};
/* End PBXVariantGroup section */

/* Begin XCBuildConfiguration section */
		232FA5ED1AEBEC9F00DD4928 /* Debug */ = {
			isa = XCBuildConfiguration;
			buildSettings = {
				ALWAYS_SEARCH_USER_PATHS = NO;
				CLANG_CXX_LANGUAGE_STANDARD = "gnu++0x";
				CLANG_CXX_LIBRARY = "libc++";
				CLANG_ENABLE_MODULES = YES;
				CLANG_ENABLE_OBJC_ARC = YES;
				CLANG_WARN_BOOL_CONVERSION = YES;
				CLANG_WARN_CONSTANT_CONVERSION = YES;
				CLANG_WARN_DIRECT_OBJC_ISA_USAGE = YES_ERROR;
				CLANG_WARN_EMPTY_BODY = YES;
				CLANG_WARN_ENUM_CONVERSION = YES;
				CLANG_WARN_INT_CONVERSION = YES;
				CLANG_WARN_OBJC_ROOT_CLASS = YES_ERROR;
				CLANG_WARN_UNREACHABLE_CODE = YES;
				CLANG_WARN__DUPLICATE_METHOD_MATCH = YES;
				"CODE_SIGN_IDENTITY[sdk=iphoneos*]" = "iPhone Developer";
				COPY_PHASE_STRIP = NO;
				DEBUG_INFORMATION_FORMAT = "dwarf-with-dsym";
				ENABLE_STRICT_OBJC_MSGSEND = YES;
				GCC_C_LANGUAGE_STANDARD = gnu99;
				GCC_DYNAMIC_NO_PIC = NO;
				GCC_NO_COMMON_BLOCKS = YES;
				GCC_OPTIMIZATION_LEVEL = 0;
				GCC_PREPROCESSOR_DEFINITIONS = (
					"DEBUG=1",
					"$(inherited)",
				);
				GCC_SYMBOLS_PRIVATE_EXTERN = NO;
				GCC_WARN_64_TO_32_BIT_CONVERSION = YES;
				GCC_WARN_ABOUT_RETURN_TYPE = YES_ERROR;
				GCC_WARN_UNDECLARED_SELECTOR = YES;
				GCC_WARN_UNINITIALIZED_AUTOS = YES_AGGRESSIVE;
				GCC_WARN_UNUSED_FUNCTION = YES;
				GCC_WARN_UNUSED_VARIABLE = YES;
				IPHONEOS_DEPLOYMENT_TARGET = 8.3;
				MTL_ENABLE_DEBUG_INFO = YES;
				ONLY_ACTIVE_ARCH = YES;
				SDKROOT = iphoneos;
				SWIFT_OPTIMIZATION_LEVEL = "-Onone";
			};
			name = Debug;
		};
		232FA5EE1AEBEC9F00DD4928 /* Release */ = {
			isa = XCBuildConfiguration;
			buildSettings = {
				ALWAYS_SEARCH_USER_PATHS = NO;
				CLANG_CXX_LANGUAGE_STANDARD = "gnu++0x";
				CLANG_CXX_LIBRARY = "libc++";
				CLANG_ENABLE_MODULES = YES;
				CLANG_ENABLE_OBJC_ARC = YES;
				CLANG_WARN_BOOL_CONVERSION = YES;
				CLANG_WARN_CONSTANT_CONVERSION = YES;
				CLANG_WARN_DIRECT_OBJC_ISA_USAGE = YES_ERROR;
				CLANG_WARN_EMPTY_BODY = YES;
				CLANG_WARN_ENUM_CONVERSION = YES;
				CLANG_WARN_INT_CONVERSION = YES;
				CLANG_WARN_OBJC_ROOT_CLASS = YES_ERROR;
				CLANG_WARN_UNREACHABLE_CODE = YES;
				CLANG_WARN__DUPLICATE_METHOD_MATCH = YES;
				"CODE_SIGN_IDENTITY[sdk=iphoneos*]" = "iPhone Developer";
				COPY_PHASE_STRIP = NO;
				DEBUG_INFORMATION_FORMAT = "dwarf-with-dsym";
				ENABLE_NS_ASSERTIONS = NO;
				ENABLE_STRICT_OBJC_MSGSEND = YES;
				GCC_C_LANGUAGE_STANDARD = gnu99;
				GCC_NO_COMMON_BLOCKS = YES;
				GCC_WARN_64_TO_32_BIT_CONVERSION = YES;
				GCC_WARN_ABOUT_RETURN_TYPE = YES_ERROR;
				GCC_WARN_UNDECLARED_SELECTOR = YES;
				GCC_WARN_UNINITIALIZED_AUTOS = YES_AGGRESSIVE;
				GCC_WARN_UNUSED_FUNCTION = YES;
				GCC_WARN_UNUSED_VARIABLE = YES;
				IPHONEOS_DEPLOYMENT_TARGET = 8.3;
				MTL_ENABLE_DEBUG_INFO = NO;
				SDKROOT = iphoneos;
				VALIDATE_PRODUCT = YES;
			};
			name = Release;
		};
		232FA5F01AEBEC9F00DD4928 /* Debug */ = {
			isa = XCBuildConfiguration;
			buildSettings = {
				ASSETCATALOG_COMPILER_APPICON_NAME = AppIcon;
				INFOPLIST_FILE = "my-simple-table/Info.plist";
				LD_RUNPATH_SEARCH_PATHS = "$(inherited) @executable_path/Frameworks";
				PRODUCT_NAME = "$(TARGET_NAME)";
			};
			name = Debug;
		};
		232FA5F11AEBEC9F00DD4928 /* Release */ = {
			isa = XCBuildConfiguration;
			buildSettings = {
				ASSETCATALOG_COMPILER_APPICON_NAME = AppIcon;
				INFOPLIST_FILE = "my-simple-table/Info.plist";
				LD_RUNPATH_SEARCH_PATHS = "$(inherited) @executable_path/Frameworks";
				PRODUCT_NAME = "$(TARGET_NAME)";
			};
			name = Release;
		};
		232FA5F31AEBEC9F00DD4928 /* Debug */ = {
			isa = XCBuildConfiguration;
			buildSettings = {
				BUNDLE_LOADER = "$(TEST_HOST)";
				FRAMEWORK_SEARCH_PATHS = (
					"$(SDKROOT)/Developer/Library/Frameworks",
					"$(inherited)",
				);
				GCC_PREPROCESSOR_DEFINITIONS = (
					"DEBUG=1",
					"$(inherited)",
				);
				INFOPLIST_FILE = "my-simple-tableTests/Info.plist";
				LD_RUNPATH_SEARCH_PATHS = "$(inherited) @executable_path/Frameworks @loader_path/Frameworks";
				PRODUCT_NAME = "$(TARGET_NAME)";
				TEST_HOST = "$(BUILT_PRODUCTS_DIR)/my-simple-table.app/my-simple-table";
			};
			name = Debug;
		};
		232FA5F41AEBEC9F00DD4928 /* Release */ = {
			isa = XCBuildConfiguration;
			buildSettings = {
				BUNDLE_LOADER = "$(TEST_HOST)";
				FRAMEWORK_SEARCH_PATHS = (
					"$(SDKROOT)/Developer/Library/Frameworks",
					"$(inherited)",
				);
				INFOPLIST_FILE = "my-simple-tableTests/Info.plist";
				LD_RUNPATH_SEARCH_PATHS = "$(inherited) @executable_path/Frameworks @loader_path/Frameworks";
				PRODUCT_NAME = "$(TARGET_NAME)";
				TEST_HOST = "$(BUILT_PRODUCTS_DIR)/my-simple-table.app/my-simple-table";
			};
			name = Release;
		};
/* End XCBuildConfiguration section */

/* Begin XCConfigurationList section */
		232FA5CB1AEBEC9F00DD4928 /* Build configuration list for PBXProject "my-simple-table" */ = {
			isa = XCConfigurationList;
			buildConfigurations = (
				232FA5ED1AEBEC9F00DD4928 /* Debug */,
				232FA5EE1AEBEC9F00DD4928 /* Release */,
			);
			defaultConfigurationIsVisible = 0;
			defaultConfigurationName = Release;
		};
		232FA5EF1AEBEC9F00DD4928 /* Build configuration list for PBXNativeTarget "my-simple-table" */ = {
			isa = XCConfigurationList;
			buildConfigurations = (
				232FA5F01AEBEC9F00DD4928 /* Debug */,
				232FA5F11AEBEC9F00DD4928 /* Release */,
			);
			defaultConfigurationIsVisible = 0;
		};
		232FA5F21AEBEC9F00DD4928 /* Build configuration list for PBXNativeTarget "my-simple-tableTests" */ = {
			isa = XCConfigurationList;
			buildConfigurations = (
				232FA5F31AEBEC9F00DD4928 /* Debug */,
				232FA5F41AEBEC9F00DD4928 /* Release */,
			);
			defaultConfigurationIsVisible = 0;
		};
/* End XCConfigurationList section */
	};
	rootObject = 232FA5C81AEBEC9F00DD4928 /* Project object */;
}
